
Microsoft Visual Studio Solution File, Format Version 12.00
# Visual Studio 2013
VisualStudioVersion = 12.0.31101.0
MinimumVisualStudioVersion = 10.0.40219.1
Project("{FAE04EC0-301F-11D3-BF4B-00C04F79EFBC}") = "Common.InversionOfControl", "Common.InversionOfControl\Common.InversionOfControl.csproj", "{CDB5C84E-ECAE-4FB1-BE53-0DEE6A992B8F}"
EndProject
Project("{FAE04EC0-301F-11D3-BF4B-00C04F79EFBC}") = "Common.InversionOfControl.Unity", "Common.InversionOfControl.Unity\Common.InversionOfControl.Unity.csproj", "{EF011A48-5B20-42C7-97B5-630E4A25C199}"
EndProject
Project("{FAE04EC0-301F-11D3-BF4B-00C04F79EFBC}") = "Common.InversionOfControl.Autofac", "Common.InversionOfControl.Autofac\Common.InversionOfControl.Autofac.csproj", "{82F04ACD-16EE-4576-9B62-89D99CB214C7}"
EndProject
Project("{FAE04EC0-301F-11D3-BF4B-00C04F79EFBC}") = "Common.InversionOfControl.Tests", "Common.InversionOfControl.Tests\Common.InversionOfControl.Tests.csproj", "{B266A0B3-C713-49D5-896E-D3695CF55AF5}"
EndProject
Project("{FAE04EC0-301F-11D3-BF4B-00C04F79EFBC}") = "Common.InversionOfControl.Ninject", "Common.InversionOfControl.Ninject\Common.InversionOfControl.Ninject.csproj", "{679E3926-E033-43A8-9F91-F1C84CE934C6}"
EndProject
Global
	GlobalSection(SolutionConfigurationPlatforms) = preSolution
		Debug|Any CPU = Debug|Any CPU
		Release|Any CPU = Release|Any CPU
	EndGlobalSection
	GlobalSection(ProjectConfigurationPlatforms) = postSolution
		{CDB5C84E-ECAE-4FB1-BE53-0DEE6A992B8F}.Debug|Any CPU.ActiveCfg = Debug|Any CPU
		{CDB5C84E-ECAE-4FB1-BE53-0DEE6A992B8F}.Debug|Any CPU.Build.0 = Debug|Any CPU
		{CDB5C84E-ECAE-4FB1-BE53-0DEE6A992B8F}.Release|Any CPU.ActiveCfg = Release|Any CPU
		{CDB5C84E-ECAE-4FB1-BE53-0DEE6A992B8F}.Release|Any CPU.Build.0 = Release|Any CPU
		{EF011A48-5B20-42C7-97B5-630E4A25C199}.Debug|Any CPU.ActiveCfg = Debug|Any CPU
		{EF011A48-5B20-42C7-97B5-630E4A25C199}.Debug|Any CPU.Build.0 = Debug|Any CPU
		{EF011A48-5B20-42C7-97B5-630E4A25C199}.Release|Any CPU.ActiveCfg = Release|Any CPU
		{EF011A48-5B20-42C7-97B5-630E4A25C199}.Release|Any CPU.Build.0 = Release|Any CPU
		{82F04ACD-16EE-4576-9B62-89D99CB214C7}.Debug|Any CPU.ActiveCfg = Debug|Any CPU
		{82F04ACD-16EE-4576-9B62-89D99CB214C7}.Debug|Any CPU.Build.0 = Debug|Any CPU
		{82F04ACD-16EE-4576-9B62-89D99CB214C7}.Release|Any CPU.ActiveCfg = Release|Any CPU
		{82F04ACD-16EE-4576-9B62-89D99CB214C7}.Release|Any CPU.Build.0 = Release|Any CPU
		{B266A0B3-C713-49D5-896E-D3695CF55AF5}.Debug|Any CPU.ActiveCfg = Debug|Any CPU
		{B266A0B3-C713-49D5-896E-D3695CF55AF5}.Debug|Any CPU.Build.0 = Debug|Any CPU
		{B266A0B3-C713-49D5-896E-D3695CF55AF5}.Release|Any CPU.ActiveCfg = Release|Any CPU
		{B266A0B3-C713-49D5-896E-D3695CF55AF5}.Release|Any CPU.Build.0 = Release|Any CPU
		{679E3926-E033-43A8-9F91-F1C84CE934C6}.Debug|Any CPU.ActiveCfg = Debug|Any CPU
		{679E3926-E033-43A8-9F91-F1C84CE934C6}.Debug|Any CPU.Build.0 = Debug|Any CPU
		{679E3926-E033-43A8-9F91-F1C84CE934C6}.Release|Any CPU.ActiveCfg = Release|Any CPU
		{679E3926-E033-43A8-9F91-F1C84CE934C6}.Release|Any CPU.Build.0 = Release|Any CPU
	EndGlobalSection
	GlobalSection(SolutionProperties) = preSolution
		HideSolutionNode = FALSE
	EndGlobalSection
EndGlobal
